
Microsoft Visual Studio Solution File, Format Version 12.00
# Visual Studio Version 17
VisualStudioVersion = 17.13.35931.197 d17.13
MinimumVisualStudioVersion = 10.0.40219.1
Project("{FAE04EC0-301F-11D3-BF4B-00C04F79EFBC}") = "AprendizajeReforzado", "AprendizajeReforzado.csproj", "{7D4828A9-B1CE-46F6-A1DC-C9BC5A57DBC6}"
EndProject
Global
	GlobalSection(SolutionConfigurationPlatforms) = preSolution
		Debug|Any CPU = Debug|Any CPU
		Release|Any CPU = Release|Any CPU
	EndGlobalSection
	GlobalSection(ProjectConfigurationPlatforms) = postSolution
		{7D4828A9-B1CE-46F6-A1DC-C9BC5A57DBC6}.Debug|Any CPU.ActiveCfg = Debug|Any CPU
		{7D4828A9-B1CE-46F6-A1DC-C9BC5A57DBC6}.Debug|Any CPU.Build.0 = Debug|Any CPU
		{7D4828A9-B1CE-46F6-A1DC-C9BC5A57DBC6}.Release|Any CPU.ActiveCfg = Release|Any CPU
		{7D4828A9-B1CE-46F6-A1DC-C9BC5A57DBC6}.Release|Any CPU.Build.0 = Release|Any CPU
	EndGlobalSection
	GlobalSection(SolutionProperties) = preSolution
		HideSolutionNode = FALSE
	EndGlobalSection
	GlobalSection(ExtensibilityGlobals) = postSolution
		SolutionGuid = {874B4E2D-0ED4-4D14-A1A8-FE8DAE4B0F6A}
	EndGlobalSection
EndGlobal
